PODS:
  - ASPVideoPlayer (6.1.0)
  - R.swift (5.0.3):
    - R.swift.Library (~> 5.0.0)
  - R.swift.Library (5.0.1)
  - SwiftFormat/CLI (0.40.10)
  - SwiftLint (0.33.0)

DEPENDENCIES:
  - ASPVideoPlayer
  - R.swift
  - SwiftFormat/CLI (= 0.40.10)
  - SwiftLint (= 0.33.0)

SPEC REPOS:
  https://github.com/CocoaPods/Specs.git:
    - R.swift
    - R.swift.Library
    - SwiftFormat
    - SwiftLint
  trunk:
    - ASPVideoPlayer

SPEC CHECKSUMS:
  ASPVideoPlayer: 900b9158d20cd721ed03e0525dac11fc57b892fc
  R.swift: f5a87643b91ea569d23d6afb3eee9c743edde239
  R.swift.Library: cfe85d569d9bae6cb262922db130e7c3a7a5fad1
  SwiftFormat: d0e2118da5bfccc0158f0b8eff80c476c5acd984
  SwiftLint: fed9c66336e41fc74dc48a73678380718f0c8b0e

PODFILE CHECKSUM: f66f9d6b0caf75b3a9612b133321bbf7da2e5c81

COCOAPODS: 1.8.1
