PODS:
  - MSPlayer (2.2.5):
    - NVActivityIndicatorView
  - NVActivityIndicatorView (4.8.0):
    - NVActivityIndicatorView/Presenter (= 4.8.0)
  - NVActivityIndicatorView/Presenter (4.8.0)
  - R.swift (5.0.3):
    - R.swift.Library (~> 5.0.0)
  - R.swift.Library (5.0.1)
  - SwiftFormat/CLI (0.40.10)
  - SwiftLint (0.33.0)

DEPENDENCIES:
  - MSPlayer
  - R.swift
  - SwiftFormat/CLI (= 0.40.10)
  - SwiftLint (= 0.33.0)

SPEC REPOS:
  https://github.com/CocoaPods/Specs.git:
    - R.swift
    - R.swift.Library
    - SwiftFormat
    - SwiftLint
  trunk:
    - MSPlayer
    - NVActivityIndicatorView

SPEC CHECKSUMS:
  MSPlayer: 979d6abf431d01f729fbffd702452b190b301055
  NVActivityIndicatorView: d24b7ebcf80af5dcd994adb650e2b6c93379270f
  R.swift: f5a87643b91ea569d23d6afb3eee9c743edde239
  R.swift.Library: cfe85d569d9bae6cb262922db130e7c3a7a5fad1
  SwiftFormat: d0e2118da5bfccc0158f0b8eff80c476c5acd984
  SwiftLint: fed9c66336e41fc74dc48a73678380718f0c8b0e

PODFILE CHECKSUM: 399a39a78dc7984db70517e5ed46b2b68ebd4ec8

COCOAPODS: 1.8.1
